
Microsoft Visual Studio Solution File, Format Version 11.00
# Visual Studio 2010
Project("{FAE04EC0-301F-11D3-BF4B-00C04F79EFBC}") = "fotofridgeORG", "fotofridgeORG.csproj", "{00F67C09-AA5B-4824-867A-F6D83F09F743}"
EndProject
Global
	GlobalSection(SolutionConfigurationPlatforms) = preSolution
		Debug|x86 = Debug|x86
		Release|x86 = Release|x86
	EndGlobalSection
	GlobalSection(ProjectConfigurationPlatforms) = postSolution
		{00F67C09-AA5B-4824-867A-F6D83F09F743}.Debug|x86.ActiveCfg = Debug|x86
		{00F67C09-AA5B-4824-867A-F6D83F09F743}.Debug|x86.Build.0 = Debug|x86
		{00F67C09-AA5B-4824-867A-F6D83F09F743}.Release|x86.ActiveCfg = Release|x86
		{00F67C09-AA5B-4824-867A-F6D83F09F743}.Release|x86.Build.0 = Release|x86
	EndGlobalSection
	GlobalSection(MonoDevelopProperties) = preSolution
		StartupItem = fotofridgeORG.csproj
	EndGlobalSection
EndGlobal
